{
  "name": "@ipseonet/sails-hook-mail",
  "version": "1.0.0",
  "lockfileVersion": 3,
  "requires": true,
  "packages": {
    "": {
      "name": "@ipseonet/sails-hook-mail",
      "version": "1.0.0",
      "license": "MIT",
      "engines": {
        "node": ">=18"
      },
      "peerDependencies": {
        "@sendgrid/mail": "^8.0.0",
        "nodemailer": "^7.0.0",
        "resend": "^6.0.0"
      },
      "peerDependenciesMeta": {
        "@sendgrid/mail": {
          "optional": true
        },
        "nodemailer": {
          "optional": true
        },
        "resend": {
          "optional": true
        }
      }
    }
  }
}
